
Microsoft Visual Studio Solution File, Format Version 12.00
# Visual Studio 14
VisualStudioVersion = 14.0.25420.1
MinimumVisualStudioVersion = 10.0.40219.1
Project("{FAE04EC0-301F-11D3-BF4B-00C04F79EFBC}") = "SmartHouse by Fiksiki", "SmartHouse by Fiksiki\SmartHouse by Fiksiki.csproj", "{DF84B8DB-12FD-4157-80BD-0BD281673F43}"
EndProject
Project("{FAE04EC0-301F-11D3-BF4B-00C04F79EFBC}") = "BL.Objects", "BL.Objects\BL.Objects.csproj", "{7E5FBBB3-DE57-408E-AB04-83F0CA361EE0}"
EndProject
Global
	GlobalSection(SolutionConfigurationPlatforms) = preSolution
		Debug|Any CPU = Debug|Any CPU
		Release|Any CPU = Release|Any CPU
	EndGlobalSection
	GlobalSection(ProjectConfigurationPlatforms) = postSolution
		{DF84B8DB-12FD-4157-80BD-0BD281673F43}.Debug|Any CPU.ActiveCfg = Debug|Any CPU
		{DF84B8DB-12FD-4157-80BD-0BD281673F43}.Debug|Any CPU.Build.0 = Debug|Any CPU
		{DF84B8DB-12FD-4157-80BD-0BD281673F43}.Release|Any CPU.ActiveCfg = Release|Any CPU
		{DF84B8DB-12FD-4157-80BD-0BD281673F43}.Release|Any CPU.Build.0 = Release|Any CPU
		{7E5FBBB3-DE57-408E-AB04-83F0CA361EE0}.Debug|Any CPU.ActiveCfg = Debug|Any CPU
		{7E5FBBB3-DE57-408E-AB04-83F0CA361EE0}.Debug|Any CPU.Build.0 = Debug|Any CPU
		{7E5FBBB3-DE57-408E-AB04-83F0CA361EE0}.Release|Any CPU.ActiveCfg = Release|Any CPU
		{7E5FBBB3-DE57-408E-AB04-83F0CA361EE0}.Release|Any CPU.Build.0 = Release|Any CPU
	EndGlobalSection
	GlobalSection(SolutionProperties) = preSolution
		HideSolutionNode = FALSE
	EndGlobalSection
EndGlobal
